// !$*UTF8*$!
{
	archiveVersion = 1;
	classes = {
	};
	objectVersion = 56;
	objects = {

/* Begin PBXBuildFile section */
		5268EDDF2284745E6A837B73 /* Pods_appTests.framework in Frameworks */ = {isa = PBXBuildFile; fileRef = EE6206EA5EE0DD07FDB06CA5 /* Pods_appTests.framework */; };
		792DF5CB2BF775E700E39877 /* AppDelegate.swift in Sources */ = {isa = PBXBuildFile; fileRef = 792DF5CA2BF775E700E39877 /* AppDelegate.swift */; };
		792DF5CD2BF775E700E39877 /* SceneDelegate.swift in Sources */ = {isa = PBXBuildFile; fileRef = 792DF5CC2BF775E700E39877 /* SceneDelegate.swift */; };
		792DF5CF2BF775E700E39877 /* ViewController.swift in Sources */ = {isa = PBXBuildFile; fileRef = 792DF5CE2BF775E700E39877 /* ViewController.swift */; };
		792DF5D52BF775E700E39877 /* app.xcdatamodeld in Sources */ = {isa = PBXBuildFile; fileRef = 792DF5D32BF775E700E39877 /* app.xcdatamodeld */; };
		792DF5D72BF775E900E39877 /* Assets.xcassets in Resources */ = {isa = PBXBuildFile; fileRef = 792DF5D62BF775E900E39877 /* Assets.xcassets */; };
		792DF5DA2BF775E900E39877 /* LaunchScreen.storyboard in Resources */ = {isa = PBXBuildFile; fileRef = 792DF5D82BF775E900E39877 /* LaunchScreen.storyboard */; };
		792DF5E52BF775E900E39877 /* appTests.swift in Sources */ = {isa = PBXBuildFile; fileRef = 792DF5E42BF775E900E39877 /* appTests.swift */; };
		792DF5EF2BF775E900E39877 /* appUITests.swift in Sources */ = {isa = PBXBuildFile; fileRef = 792DF5EE2BF775E900E39877 /* appUITests.swift */; };
		792DF5F12BF775E900E39877 /* appUITestsLaunchTests.swift in Sources */ = {isa = PBXBuildFile; fileRef = 792DF5F02BF775E900E39877 /* appUITestsLaunchTests.swift */; };
		792DF6002BF78C9800E39877 /* Coordinator.swift in Sources */ = {isa = PBXBuildFile; fileRef = 792DF5FF2BF78C9800E39877 /* Coordinator.swift */; };
		792DF6022BF78E8300E39877 /* Router.swift in Sources */ = {isa = PBXBuildFile; fileRef = 792DF6012BF78E8300E39877 /* Router.swift */; };
		792DF6062BF78FBB00E39877 /* MainCoordinator.swift in Sources */ = {isa = PBXBuildFile; fileRef = 792DF6052BF78FBB00E39877 /* MainCoordinator.swift */; };
		792DF6082BF7911A00E39877 /* MainModulFactory.swift in Sources */ = {isa = PBXBuildFile; fileRef = 792DF6072BF7911A00E39877 /* MainModulFactory.swift */; };
		792DF60B2BF791CC00E39877 /* MainViewController.swift in Sources */ = {isa = PBXBuildFile; fileRef = 792DF60A2BF791CC00E39877 /* MainViewController.swift */; };
		792DF60D2BF79A4300E39877 /* InlineConfigurable.swift in Sources */ = {isa = PBXBuildFile; fileRef = 792DF60C2BF79A4300E39877 /* InlineConfigurable.swift */; };
		792DF6102BF7A2A100E39877 /* AppContainer.swift in Sources */ = {isa = PBXBuildFile; fileRef = 792DF60F2BF7A2A100E39877 /* AppContainer.swift */; };
		792DF6122BF7A44B00E39877 /* AppCoordinator.swift in Sources */ = {isa = PBXBuildFile; fileRef = 792DF6112BF7A44B00E39877 /* AppCoordinator.swift */; };
		793FD7E52BFCB82100FBAB21 /* BaseUserDefaults.swift in Sources */ = {isa = PBXBuildFile; fileRef = 793FD7E42BFCB82100FBAB21 /* BaseUserDefaults.swift */; };
		793FD7E82BFCBC4F00FBAB21 /* BasketTableViewDataSourceImpl.swift in Sources */ = {isa = PBXBuildFile; fileRef = 793FD7E72BFCBC4F00FBAB21 /* BasketTableViewDataSourceImpl.swift */; };
		79505F8C2BF8A34600C2939B /* TabBarCoordinator.swift in Sources */ = {isa = PBXBuildFile; fileRef = 79505F8B2BF8A34600C2939B /* TabBarCoordinator.swift */; };
		79505F902BF8A44800C2939B /* TabBarViewContoller.swift in Sources */ = {isa = PBXBuildFile; fileRef = 79505F8F2BF8A44800C2939B /* TabBarViewContoller.swift */; };
		79505F922BF8A8C300C2939B /* TabBarCoordinatorFactory.swift in Sources */ = {isa = PBXBuildFile; fileRef = 79505F912BF8A8C300C2939B /* TabBarCoordinatorFactory.swift */; };
		79505F952BF8ADD900C2939B /* BasketCoordinator.swift in Sources */ = {isa = PBXBuildFile; fileRef = 79505F942BF8ADD900C2939B /* BasketCoordinator.swift */; };
		79505F992BF8BAEA00C2939B /* BasketModulFactory.swift in Sources */ = {isa = PBXBuildFile; fileRef = 79505F982BF8BAEA00C2939B /* BasketModulFactory.swift */; };
		79505F9E2BF8C6E500C2939B /* MainDetailViewController.swift in Sources */ = {isa = PBXBuildFile; fileRef = 79505F9D2BF8C6E500C2939B /* MainDetailViewController.swift */; };
		795270672BFB56E5002D0F05 /* MainTableViewDelegateImpl.swift in Sources */ = {isa = PBXBuildFile; fileRef = 795270662BFB56E5002D0F05 /* MainTableViewDelegateImpl.swift */; };
		795270692BFB57B1002D0F05 /* MainTableViewDataSourceImpl.swift in Sources */ = {isa = PBXBuildFile; fileRef = 795270682BFB57B1002D0F05 /* MainTableViewDataSourceImpl.swift */; };
		7952706C2BFB58E0002D0F05 /* MainTableViewCell.swift in Sources */ = {isa = PBXBuildFile; fileRef = 7952706B2BFB58E0002D0F05 /* MainTableViewCell.swift */; };
		795270712BFB62D5002D0F05 /* MainModel.swift in Sources */ = {isa = PBXBuildFile; fileRef = 795270702BFB62D5002D0F05 /* MainModel.swift */; };
		795270732BFB647A002D0F05 /* ViewModel.swift in Sources */ = {isa = PBXBuildFile; fileRef = 795270722BFB647A002D0F05 /* ViewModel.swift */; };
		795270752BFB65A0002D0F05 /* MainSection.swift in Sources */ = {isa = PBXBuildFile; fileRef = 795270742BFB65A0002D0F05 /* MainSection.swift */; };
		79B921892BFB9A3E00A0E6B7 /* ProductCategoryCollectionViewCell.swift in Sources */ = {isa = PBXBuildFile; fileRef = 79B921882BFB9A3E00A0E6B7 /* ProductCategoryCollectionViewCell.swift */; };
		BE219BBEA2C2A7FE16AE9F8E /* Pods_app.framework in Frameworks */ = {isa = PBXBuildFile; fileRef = 3AD144B834C278826CCDEF91 /* Pods_app.framework */; };
		DC8C23B70EBEC53253BCC705 /* Pods_app_appUITests.framework in Frameworks */ = {isa = PBXBuildFile; fileRef = 33C669ECF9DBA0A468549F49 /* Pods_app_appUITests.framework */; };
/* End PBXBuildFile section */

/* Begin PBXContainerItemProxy section */
		792DF5E12BF775E900E39877 /* PBXContainerItemProxy */ = {
			isa = PBXContainerItemProxy;
			containerPortal = 792DF5BF2BF775E700E39877 /* Project object */;
			proxyType = 1;
			remoteGlobalIDString = 792DF5C62BF775E700E39877;
			remoteInfo = app;
		};
		792DF5EB2BF775E900E39877 /* PBXContainerItemProxy */ = {
			isa = PBXContainerItemProxy;
			containerPortal = 792DF5BF2BF775E700E39877 /* Project object */;
			proxyType = 1;
			remoteGlobalIDString = 792DF5C62BF775E700E39877;
			remoteInfo = app;
		};
/* End PBXContainerItemProxy section */

/* Begin PBXFileReference section */
		05DBDB2F7171A184A0D035B0 /* Pods-app-appUITests.debug.xcconfig */ = {isa = PBXFileReference; includeInIndex = 1; lastKnownFileType = text.xcconfig; name = "Pods-app-appUITests.debug.xcconfig"; path = "Target Support Files/Pods-app-appUITests/Pods-app-appUITests.debug.xcconfig"; sourceTree = "<group>"; };
		33C669ECF9DBA0A468549F49 /* Pods_app_appUITests.framework */ = {isa = PBXFileReference; explicitFileType = wrapper.framework; includeInIndex = 0; path = Pods_app_appUITests.framework; sourceTree = BUILT_PRODUCTS_DIR; };
		3AD144B834C278826CCDEF91 /* Pods_app.framework */ = {isa = PBXFileReference; explicitFileType = wrapper.framework; includeInIndex = 0; path = Pods_app.framework; sourceTree = BUILT_PRODUCTS_DIR; };
		50FC642E05A1E813CCFF0734 /* Pods-appTests.debug.xcconfig */ = {isa = PBXFileReference; includeInIndex = 1; lastKnownFileType = text.xcconfig; name = "Pods-appTests.debug.xcconfig"; path = "Target Support Files/Pods-appTests/Pods-appTests.debug.xcconfig"; sourceTree = "<group>"; };
		6EE20BFD55B1E7F5F769E50F /* Pods-app.debug.xcconfig */ = {isa = PBXFileReference; includeInIndex = 1; lastKnownFileType = text.xcconfig; name = "Pods-app.debug.xcconfig"; path = "Target Support Files/Pods-app/Pods-app.debug.xcconfig"; sourceTree = "<group>"; };
		792DF5C72BF775E700E39877 /* app.app */ = {isa = PBXFileReference; explicitFileType = wrapper.application; includeInIndex = 0; path = app.app; sourceTree = BUILT_PRODUCTS_DIR; };
		792DF5CA2BF775E700E39877 /* AppDelegate.swift */ = {isa = PBXFileReference; lastKnownFileType = sourcecode.swift; path = AppDelegate.swift; sourceTree = "<group>"; };
		792DF5CC2BF775E700E39877 /* SceneDelegate.swift */ = {isa = PBXFileReference; lastKnownFileType = sourcecode.swift; path = SceneDelegate.swift; sourceTree = "<group>"; };
		792DF5CE2BF775E700E39877 /* ViewController.swift */ = {isa = PBXFileReference; lastKnownFileType = sourcecode.swift; path = ViewController.swift; sourceTree = "<group>"; };
		792DF5D42BF775E700E39877 /* app.xcdatamodel */ = {isa = PBXFileReference; lastKnownFileType = wrapper.xcdatamodel; path = app.xcdatamodel; sourceTree = "<group>"; };
		792DF5D62BF775E900E39877 /* Assets.xcassets */ = {isa = PBXFileReference; lastKnownFileType = folder.assetcatalog; path = Assets.xcassets; sourceTree = "<group>"; };
		792DF5D92BF775E900E39877 /* Base */ = {isa = PBXFileReference; lastKnownFileType = file.storyboard; name = Base; path = Base.lproj/LaunchScreen.storyboard; sourceTree = "<group>"; };
		792DF5DB2BF775E900E39877 /* Info.plist */ = {isa = PBXFileReference; lastKnownFileType = text.plist.xml; path = Info.plist; sourceTree = "<group>"; };
		792DF5E02BF775E900E39877 /* appTests.xctest */ = {isa = PBXFileReference; explicitFileType = wrapper.cfbundle; includeInIndex = 0; path = appTests.xctest; sourceTree = BUILT_PRODUCTS_DIR; };
		792DF5E42BF775E900E39877 /* appTests.swift */ = {isa = PBXFileReference; lastKnownFileType = sourcecode.swift; path = appTests.swift; sourceTree = "<group>"; };
		792DF5EA2BF775E900E39877 /* appUITests.xctest */ = {isa = PBXFileReference; explicitFileType = wrapper.cfbundle; includeInIndex = 0; path = appUITests.xctest; sourceTree = BUILT_PRODUCTS_DIR; };
		792DF5EE2BF775E900E39877 /* appUITests.swift */ = {isa = PBXFileReference; lastKnownFileType = sourcecode.swift; path = appUITests.swift; sourceTree = "<group>"; };
		792DF5F02BF775E900E39877 /* appUITestsLaunchTests.swift */ = {isa = PBXFileReference; lastKnownFileType = sourcecode.swift; path = appUITestsLaunchTests.swift; sourceTree = "<group>"; };
		792DF5FF2BF78C9800E39877 /* Coordinator.swift */ = {isa = PBXFileReference; lastKnownFileType = sourcecode.swift; path = Coordinator.swift; sourceTree = "<group>"; };
		792DF6012BF78E8300E39877 /* Router.swift */ = {isa = PBXFileReference; lastKnownFileType = sourcecode.swift; path = Router.swift; sourceTree = "<group>"; };
		792DF6052BF78FBB00E39877 /* MainCoordinator.swift */ = {isa = PBXFileReference; lastKnownFileType = sourcecode.swift; path = MainCoordinator.swift; sourceTree = "<group>"; };
		792DF6072BF7911A00E39877 /* MainModulFactory.swift */ = {isa = PBXFileReference; lastKnownFileType = sourcecode.swift; path = MainModulFactory.swift; sourceTree = "<group>"; };
		792DF60A2BF791CC00E39877 /* MainViewController.swift */ = {isa = PBXFileReference; lastKnownFileType = sourcecode.swift; path = MainViewController.swift; sourceTree = "<group>"; };
		792DF60C2BF79A4300E39877 /* InlineConfigurable.swift */ = {isa = PBXFileReference; lastKnownFileType = sourcecode.swift; path = InlineConfigurable.swift; sourceTree = "<group>"; };
		792DF60F2BF7A2A100E39877 /* AppContainer.swift */ = {isa = PBXFileReference; lastKnownFileType = sourcecode.swift; path = AppContainer.swift; sourceTree = "<group>"; };
		792DF6112BF7A44B00E39877 /* AppCoordinator.swift */ = {isa = PBXFileReference; lastKnownFileType = sourcecode.swift; path = AppCoordinator.swift; sourceTree = "<group>"; };
		793FD7E42BFCB82100FBAB21 /* BaseUserDefaults.swift */ = {isa = PBXFileReference; lastKnownFileType = sourcecode.swift; path = BaseUserDefaults.swift; sourceTree = "<group>"; };
		793FD7E72BFCBC4F00FBAB21 /* BasketTableViewDataSourceImpl.swift */ = {isa = PBXFileReference; lastKnownFileType = sourcecode.swift; path = BasketTableViewDataSourceImpl.swift; sourceTree = "<group>"; };
		79505F8B2BF8A34600C2939B /* TabBarCoordinator.swift */ = {isa = PBXFileReference; lastKnownFileType = sourcecode.swift; path = TabBarCoordinator.swift; sourceTree = "<group>"; };
		79505F8F2BF8A44800C2939B /* TabBarViewContoller.swift */ = {isa = PBXFileReference; lastKnownFileType = sourcecode.swift; path = TabBarViewContoller.swift; sourceTree = "<group>"; };
		79505F912BF8A8C300C2939B /* TabBarCoordinatorFactory.swift */ = {isa = PBXFileReference; lastKnownFileType = sourcecode.swift; path = TabBarCoordinatorFactory.swift; sourceTree = "<group>"; };
		79505F942BF8ADD900C2939B /* BasketCoordinator.swift */ = {isa = PBXFileReference; lastKnownFileType = sourcecode.swift; path = BasketCoordinator.swift; sourceTree = "<group>"; };
		79505F982BF8BAEA00C2939B /* BasketModulFactory.swift */ = {isa = PBXFileReference; lastKnownFileType = sourcecode.swift; path = BasketModulFactory.swift; sourceTree = "<group>"; };
		79505F9D2BF8C6E500C2939B /* MainDetailViewController.swift */ = {isa = PBXFileReference; lastKnownFileType = sourcecode.swift; path = MainDetailViewController.swift; sourceTree = "<group>"; };
		795270662BFB56E5002D0F05 /* MainTableViewDelegateImpl.swift */ = {isa = PBXFileReference; lastKnownFileType = sourcecode.swift; path = MainTableViewDelegateImpl.swift; sourceTree = "<group>"; };
		795270682BFB57B1002D0F05 /* MainTableViewDataSourceImpl.swift */ = {isa = PBXFileReference; lastKnownFileType = sourcecode.swift; path = MainTableViewDataSourceImpl.swift; sourceTree = "<group>"; };
		7952706B2BFB58E0002D0F05 /* MainTableViewCell.swift */ = {isa = PBXFileReference; lastKnownFileType = sourcecode.swift; path = MainTableViewCell.swift; sourceTree = "<group>"; };
		795270702BFB62D5002D0F05 /* MainModel.swift */ = {isa = PBXFileReference; lastKnownFileType = sourcecode.swift; path = MainModel.swift; sourceTree = "<group>"; };
		795270722BFB647A002D0F05 /* ViewModel.swift */ = {isa = PBXFileReference; lastKnownFileType = sourcecode.swift; path = ViewModel.swift; sourceTree = "<group>"; };
		795270742BFB65A0002D0F05 /* MainSection.swift */ = {isa = PBXFileReference; lastKnownFileType = sourcecode.swift; path = MainSection.swift; sourceTree = "<group>"; };
		79B921882BFB9A3E00A0E6B7 /* ProductCategoryCollectionViewCell.swift */ = {isa = PBXFileReference; lastKnownFileType = sourcecode.swift; path = ProductCategoryCollectionViewCell.swift; sourceTree = "<group>"; };
		A22B6343634BD97726F07DA8 /* Pods-app-appUITests.release.xcconfig */ = {isa = PBXFileReference; includeInIndex = 1; lastKnownFileType = text.xcconfig; name = "Pods-app-appUITests.release.xcconfig"; path = "Target Support Files/Pods-app-appUITests/Pods-app-appUITests.release.xcconfig"; sourceTree = "<group>"; };
		C931B22E0272213DE8787FB4 /* Pods-app.release.xcconfig */ = {isa = PBXFileReference; includeInIndex = 1; lastKnownFileType = text.xcconfig; name = "Pods-app.release.xcconfig"; path = "Target Support Files/Pods-app/Pods-app.release.xcconfig"; sourceTree = "<group>"; };
		EC824F30A1DA252F0C39470F /* Pods-appTests.release.xcconfig */ = {isa = PBXFileReference; includeInIndex = 1; lastKnownFileType = text.xcconfig; name = "Pods-appTests.release.xcconfig"; path = "Target Support Files/Pods-appTests/Pods-appTests.release.xcconfig"; sourceTree = "<group>"; };
		EE6206EA5EE0DD07FDB06CA5 /* Pods_appTests.framework */ = {isa = PBXFileReference; explicitFileType = wrapper.framework; includeInIndex = 0; path = Pods_appTests.framework; sourceTree = BUILT_PRODUCTS_DIR; };
/* End PBXFileReference section */

/* Begin PBXFrameworksBuildPhase section */
		792DF5C42BF775E700E39877 /* Frameworks */ = {
			isa = PBXFrameworksBuildPhase;
			buildActionMask = 2147483647;
			files = (
				BE219BBEA2C2A7FE16AE9F8E /* Pods_app.framework in Frameworks */,
			);
			runOnlyForDeploymentPostprocessing = 0;
		};
		792DF5DD2BF775E900E39877 /* Frameworks */ = {
			isa = PBXFrameworksBuildPhase;
			buildActionMask = 2147483647;
			files = (
				5268EDDF2284745E6A837B73 /* Pods_appTests.framework in Frameworks */,
			);
			runOnlyForDeploymentPostprocessing = 0;
		};
		792DF5E72BF775E900E39877 /* Frameworks */ = {
			isa = PBXFrameworksBuildPhase;
			buildActionMask = 2147483647;
			files = (
				DC8C23B70EBEC53253BCC705 /* Pods_app_appUITests.framework in Frameworks */,
			);
			runOnlyForDeploymentPostprocessing = 0;
		};
/* End PBXFrameworksBuildPhase section */

/* Begin PBXGroup section */
		2F8BFA64A717D19CB91349C6 /* Frameworks */ = {
			isa = PBXGroup;
			children = (
				3AD144B834C278826CCDEF91 /* Pods_app.framework */,
				33C669ECF9DBA0A468549F49 /* Pods_app_appUITests.framework */,
				EE6206EA5EE0DD07FDB06CA5 /* Pods_appTests.framework */,
			);
			name = Frameworks;
			sourceTree = "<group>";
		};
		792DF5BE2BF775E700E39877 = {
			isa = PBXGroup;
			children = (
				792DF5C92BF775E700E39877 /* app */,
				792DF5E32BF775E900E39877 /* appTests */,
				792DF5ED2BF775E900E39877 /* appUITests */,
				792DF5C82BF775E700E39877 /* Products */,
				9E4D836EAC980665B801B3A1 /* Pods */,
				2F8BFA64A717D19CB91349C6 /* Frameworks */,
			);
			sourceTree = "<group>";
		};
		792DF5C82BF775E700E39877 /* Products */ = {
			isa = PBXGroup;
			children = (
				792DF5C72BF775E700E39877 /* app.app */,
				792DF5E02BF775E900E39877 /* appTests.xctest */,
				792DF5EA2BF775E900E39877 /* appUITests.xctest */,
			);
			name = Products;
			sourceTree = "<group>";
		};
		792DF5C92BF775E700E39877 /* app */ = {
			isa = PBXGroup;
			children = (
				7952706E2BFB62BD002D0F05 /* Domain */,
				7952706D2BFB6235002D0F05 /* Resources */,
				79505F8A2BF8A32800C2939B /* TabBar */,
				792DF6032BF78F3100E39877 /* Main */,
				79505F932BF8ADC100C2939B /* Basket */,
				792DF6132BF7A8C600E39877 /* Extensions */,
				792DF5FD2BF78C6D00E39877 /* Navigation */,
				792DF5CA2BF775E700E39877 /* AppDelegate.swift */,
				792DF5CC2BF775E700E39877 /* SceneDelegate.swift */,
				792DF5DB2BF775E900E39877 /* Info.plist */,
				792DF5D32BF775E700E39877 /* app.xcdatamodeld */,
			);
			path = app;
			sourceTree = "<group>";
		};
		792DF5E32BF775E900E39877 /* appTests */ = {
			isa = PBXGroup;
			children = (
				792DF5E42BF775E900E39877 /* appTests.swift */,
			);
			path = appTests;
			sourceTree = "<group>";
		};
		792DF5ED2BF775E900E39877 /* appUITests */ = {
			isa = PBXGroup;
			children = (
				792DF5EE2BF775E900E39877 /* appUITests.swift */,
				792DF5F02BF775E900E39877 /* appUITestsLaunchTests.swift */,
			);
			path = appUITests;
			sourceTree = "<group>";
		};
		792DF5FD2BF78C6D00E39877 /* Navigation */ = {
			isa = PBXGroup;
			children = (
				792DF6112BF7A44B00E39877 /* AppCoordinator.swift */,
				792DF60E2BF7A1A500E39877 /* AppContainer */,
				792DF5FE2BF78C8600E39877 /* Coordinator */,
			);
			path = Navigation;
			sourceTree = "<group>";
		};
		792DF5FE2BF78C8600E39877 /* Coordinator */ = {
			isa = PBXGroup;
			children = (
				792DF5FF2BF78C9800E39877 /* Coordinator.swift */,
				792DF6012BF78E8300E39877 /* Router.swift */,
			);
			path = Coordinator;
			sourceTree = "<group>";
		};
		792DF6032BF78F3100E39877 /* Main */ = {
			isa = PBXGroup;
			children = (
				792DF6042BF78F3F00E39877 /* Coordinator */,
				79505F9F2BF8C70600C2939B /* Modules */,
			);
			path = Main;
			sourceTree = "<group>";
		};
		792DF6042BF78F3F00E39877 /* Coordinator */ = {
			isa = PBXGroup;
			children = (
				792DF6052BF78FBB00E39877 /* MainCoordinator.swift */,
				792DF6072BF7911A00E39877 /* MainModulFactory.swift */,
			);
			path = Coordinator;
			sourceTree = "<group>";
		};
		792DF6092BF791AB00E39877 /* Controller */ = {
			isa = PBXGroup;
			children = (
				792DF60A2BF791CC00E39877 /* MainViewController.swift */,
			);
			path = Controller;
			sourceTree = "<group>";
		};
		792DF60E2BF7A1A500E39877 /* AppContainer */ = {
			isa = PBXGroup;
			children = (
				792DF60F2BF7A2A100E39877 /* AppContainer.swift */,
			);
			path = AppContainer;
			sourceTree = "<group>";
		};
		792DF6132BF7A8C600E39877 /* Extensions */ = {
			isa = PBXGroup;
			children = (
				792DF60C2BF79A4300E39877 /* InlineConfigurable.swift */,
			);
			path = Extensions;
			sourceTree = "<group>";
		};
		793FD7E62BFCBC1900FBAB21 /* TableView */ = {
			isa = PBXGroup;
			children = (
				793FD7E72BFCBC4F00FBAB21 /* BasketTableViewDataSourceImpl.swift */,
			);
			path = TableView;
			sourceTree = "<group>";
		};
		79505F8A2BF8A32800C2939B /* TabBar */ = {
			isa = PBXGroup;
			children = (
				79505F8D2BF8A3DC00C2939B /* Coordinator */,
				79505F8E2BF8A3E700C2939B /* Controller */,
			);
			path = TabBar;
			sourceTree = "<group>";
		};
		79505F8D2BF8A3DC00C2939B /* Coordinator */ = {
			isa = PBXGroup;
			children = (
				79505F8B2BF8A34600C2939B /* TabBarCoordinator.swift */,
				79505F912BF8A8C300C2939B /* TabBarCoordinatorFactory.swift */,
			);
			path = Coordinator;
			sourceTree = "<group>";
		};
		79505F8E2BF8A3E700C2939B /* Controller */ = {
			isa = PBXGroup;
			children = (
				79505F8F2BF8A44800C2939B /* TabBarViewContoller.swift */,
			);
			path = Controller;
			sourceTree = "<group>";
		};
		79505F932BF8ADC100C2939B /* Basket */ = {
			isa = PBXGroup;
			children = (
				79505F962BF8ADEC00C2939B /* Coordinator */,
				79505FA12BF8C80A00C2939B /* Modules */,
			);
			path = Basket;
			sourceTree = "<group>";
		};
		79505F962BF8ADEC00C2939B /* Coordinator */ = {
			isa = PBXGroup;
			children = (
				79505F942BF8ADD900C2939B /* BasketCoordinator.swift */,
				79505F982BF8BAEA00C2939B /* BasketModulFactory.swift */,
			);
			path = Coordinator;
			sourceTree = "<group>";
		};
		79505F972BF8ADF400C2939B /* Controller */ = {
			isa = PBXGroup;
			children = (
				792DF5CE2BF775E700E39877 /* ViewController.swift */,
			);
			path = Controller;
			sourceTree = "<group>";
		};
		79505F9A2BF8C6B900C2939B /* MainDetail */ = {
			isa = PBXGroup;
			children = (
				79505F9B2BF8C6CC00C2939B /* Controller */,
			);
			path = MainDetail;
			sourceTree = "<group>";
		};
		79505F9B2BF8C6CC00C2939B /* Controller */ = {
			isa = PBXGroup;
			children = (
				79505F9D2BF8C6E500C2939B /* MainDetailViewController.swift */,
			);
			path = Controller;
			sourceTree = "<group>";
		};
		79505F9F2BF8C70600C2939B /* Modules */ = {
			isa = PBXGroup;
			children = (
				79505FA02BF8C71600C2939B /* Main */,
				79505F9A2BF8C6B900C2939B /* MainDetail */,
			);
			path = Modules;
			sourceTree = "<group>";
		};
		79505FA02BF8C71600C2939B /* Main */ = {
			isa = PBXGroup;
			children = (
				795270652BFB56CF002D0F05 /* TableView */,
				7952706A2BFB58B6002D0F05 /* View */,
				792DF6092BF791AB00E39877 /* Controller */,
				795270722BFB647A002D0F05 /* ViewModel.swift */,
			);
			path = Main;
			sourceTree = "<group>";
		};
		79505FA12BF8C80A00C2939B /* Modules */ = {
			isa = PBXGroup;
			children = (
				79505FA22BF8C81F00C2939B /* Basket */,
			);
			path = Modules;
			sourceTree = "<group>";
		};
		79505FA22BF8C81F00C2939B /* Basket */ = {
			isa = PBXGroup;
			children = (
				793FD7E62BFCBC1900FBAB21 /* TableView */,
				79505F972BF8ADF400C2939B /* Controller */,
			);
			path = Basket;
			sourceTree = "<group>";
		};
		795270652BFB56CF002D0F05 /* TableView */ = {
			isa = PBXGroup;
			children = (
				795270682BFB57B1002D0F05 /* MainTableViewDataSourceImpl.swift */,
				795270662BFB56E5002D0F05 /* MainTableViewDelegateImpl.swift */,
			);
			path = TableView;
			sourceTree = "<group>";
		};
		7952706A2BFB58B6002D0F05 /* View */ = {
			isa = PBXGroup;
			children = (
				7952706B2BFB58E0002D0F05 /* MainTableViewCell.swift */,
				79B921882BFB9A3E00A0E6B7 /* ProductCategoryCollectionViewCell.swift */,
			);
			path = View;
			sourceTree = "<group>";
		};
		7952706D2BFB6235002D0F05 /* Resources */ = {
			isa = PBXGroup;
			children = (
				792DF5D62BF775E900E39877 /* Assets.xcassets */,
				792DF5D82BF775E900E39877 /* LaunchScreen.storyboard */,
			);
			path = Resources;
			sourceTree = "<group>";
		};
		7952706E2BFB62BD002D0F05 /* Domain */ = {
			isa = PBXGroup;
			children = (
				7952706F2BFB62C6002D0F05 /* Main */,
				793FD7E42BFCB82100FBAB21 /* BaseUserDefaults.swift */,
			);
			path = Domain;
			sourceTree = "<group>";
		};
		7952706F2BFB62C6002D0F05 /* Main */ = {
			isa = PBXGroup;
			children = (
				795270702BFB62D5002D0F05 /* MainModel.swift */,
				795270742BFB65A0002D0F05 /* MainSection.swift */,
			);
			path = Main;
			sourceTree = "<group>";
		};
		9E4D836EAC980665B801B3A1 /* Pods */ = {
			isa = PBXGroup;
			children = (
				6EE20BFD55B1E7F5F769E50F /* Pods-app.debug.xcconfig */,
				C931B22E0272213DE8787FB4 /* Pods-app.release.xcconfig */,
				05DBDB2F7171A184A0D035B0 /* Pods-app-appUITests.debug.xcconfig */,
				A22B6343634BD97726F07DA8 /* Pods-app-appUITests.release.xcconfig */,
				50FC642E05A1E813CCFF0734 /* Pods-appTests.debug.xcconfig */,
				EC824F30A1DA252F0C39470F /* Pods-appTests.release.xcconfig */,
			);
			path = Pods;
			sourceTree = "<group>";
		};
/* End PBXGroup section */

/* Begin PBXNativeTarget section */
		792DF5C62BF775E700E39877 /* app */ = {
			isa = PBXNativeTarget;
			buildConfigurationList = 792DF5F42BF775E900E39877 /* Build configuration list for PBXNativeTarget "app" */;
			buildPhases = (
				23B3780DE0FD2B2B77F00BF9 /* [CP] Check Pods Manifest.lock */,
				792DF5C32BF775E700E39877 /* Sources */,
				792DF5C42BF775E700E39877 /* Frameworks */,
				792DF5C52BF775E700E39877 /* Resources */,
				8416A059C4860FD9A6FC5D24 /* [CP] Embed Pods Frameworks */,
			);
			buildRules = (
			);
			dependencies = (
			);
			name = app;
			productName = app;
			productReference = 792DF5C72BF775E700E39877 /* app.app */;
			productType = "com.apple.product-type.application";
		};
		792DF5DF2BF775E900E39877 /* appTests */ = {
			isa = PBXNativeTarget;
			buildConfigurationList = 792DF5F72BF775E900E39877 /* Build configuration list for PBXNativeTarget "appTests" */;
			buildPhases = (
				7C60693DBD96AA02F3D9B854 /* [CP] Check Pods Manifest.lock */,
				792DF5DC2BF775E900E39877 /* Sources */,
				792DF5DD2BF775E900E39877 /* Frameworks */,
				792DF5DE2BF775E900E39877 /* Resources */,
			);
			buildRules = (
			);
			dependencies = (
				792DF5E22BF775E900E39877 /* PBXTargetDependency */,
			);
			name = appTests;
			productName = appTests;
			productReference = 792DF5E02BF775E900E39877 /* appTests.xctest */;
			productType = "com.apple.product-type.bundle.unit-test";
		};
		792DF5E92BF775E900E39877 /* appUITests */ = {
			isa = PBXNativeTarget;
			buildConfigurationList = 792DF5FA2BF775E900E39877 /* Build configuration list for PBXNativeTarget "appUITests" */;
			buildPhases = (
				6C8DA5494A613F1CB1F379D0 /* [CP] Check Pods Manifest.lock */,
				792DF5E62BF775E900E39877 /* Sources */,
				792DF5E72BF775E900E39877 /* Frameworks */,
				792DF5E82BF775E900E39877 /* Resources */,
				B19E2B0A24553C328196B428 /* [CP] Embed Pods Frameworks */,
			);
			buildRules = (
			);
			dependencies = (
				792DF5EC2BF775E900E39877 /* PBXTargetDependency */,
			);
			name = appUITests;
			productName = appUITests;
			productReference = 792DF5EA2BF775E900E39877 /* appUITests.xctest */;
			productType = "com.apple.product-type.bundle.ui-testing";
		};
/* End PBXNativeTarget section */

/* Begin PBXProject section */
		792DF5BF2BF775E700E39877 /* Project object */ = {
			isa = PBXProject;
			attributes = {
				BuildIndependentTargetsInParallel = 1;
				LastSwiftUpdateCheck = 1500;
				LastUpgradeCheck = 1500;
				TargetAttributes = {
					792DF5C62BF775E700E39877 = {
						CreatedOnToolsVersion = 15.0;
					};
					792DF5DF2BF775E900E39877 = {
						CreatedOnToolsVersion = 15.0;
						TestTargetID = 792DF5C62BF775E700E39877;
					};
					792DF5E92BF775E900E39877 = {
						CreatedOnToolsVersion = 15.0;
						TestTargetID = 792DF5C62BF775E700E39877;
					};
				};
			};
			buildConfigurationList = 792DF5C22BF775E700E39877 /* Build configuration list for PBXProject "app" */;
			compatibilityVersion = "Xcode 14.0";
			developmentRegion = en;
			hasScannedForEncodings = 0;
			knownRegions = (
				en,
				Base,
			);
			mainGroup = 792DF5BE2BF775E700E39877;
			productRefGroup = 792DF5C82BF775E700E39877 /* Products */;
			projectDirPath = "";
			projectRoot = "";
			targets = (
				792DF5C62BF775E700E39877 /* app */,
				792DF5DF2BF775E900E39877 /* appTests */,
				792DF5E92BF775E900E39877 /* appUITests */,
			);
		};
/* End PBXProject section */

/* Begin PBXResourcesBuildPhase section */
		792DF5C52BF775E700E39877 /* Resources */ = {
			isa = PBXResourcesBuildPhase;
			buildActionMask = 2147483647;
			files = (
				792DF5DA2BF775E900E39877 /* LaunchScreen.storyboard in Resources */,
				792DF5D72BF775E900E39877 /* Assets.xcassets in Resources */,
			);
			runOnlyForDeploymentPostprocessing = 0;
		};
		792DF5DE2BF775E900E39877 /* Resources */ = {
			isa = PBXResourcesBuildPhase;
			buildActionMask = 2147483647;
			files = (
			);
			runOnlyForDeploymentPostprocessing = 0;
		};
		792DF5E82BF775E900E39877 /* Resources */ = {
			isa = PBXResourcesBuildPhase;
			buildActionMask = 2147483647;
			files = (
			);
			runOnlyForDeploymentPostprocessing = 0;
		};
/* End PBXResourcesBuildPhase section */

/* Begin PBXShellScriptBuildPhase section */
		23B3780DE0FD2B2B77F00BF9 /* [CP] Check Pods Manifest.lock */ = {
			isa = PBXShellScriptBuildPhase;
			buildActionMask = 2147483647;
			files = (
			);
			inputFileListPaths = (
			);
			inputPaths = (
				"${PODS_PODFILE_DIR_PATH}/Podfile.lock",
				"${PODS_ROOT}/Manifest.lock",
			);
			name = "[CP] Check Pods Manifest.lock";
			outputFileListPaths = (
			);
			outputPaths = (
				"$(DERIVED_FILE_DIR)/Pods-app-checkManifestLockResult.txt",
			);
			runOnlyForDeploymentPostprocessing = 0;
			shellPath = /bin/sh;
			shellScript = "diff \"${PODS_PODFILE_DIR_PATH}/Podfile.lock\" \"${PODS_ROOT}/Manifest.lock\" > /dev/null\nif [ $? != 0 ] ; then\n    # print error to STDERR\n    echo \"error: The sandbox is not in sync with the Podfile.lock. Run 'pod install' or update your CocoaPods installation.\" >&2\n    exit 1\nfi\n# This output is used by Xcode 'outputs' to avoid re-running this script phase.\necho \"SUCCESS\" > \"${SCRIPT_OUTPUT_FILE_0}\"\n";
			showEnvVarsInLog = 0;
		};
		6C8DA5494A613F1CB1F379D0 /* [CP] Check Pods Manifest.lock */ = {
			isa = PBXShellScriptBuildPhase;
			buildActionMask = 2147483647;
			files = (
			);
			inputFileListPaths = (
			);
			inputPaths = (
				"${PODS_PODFILE_DIR_PATH}/Podfile.lock",
				"${PODS_ROOT}/Manifest.lock",
			);
			name = "[CP] Check Pods Manifest.lock";
			outputFileListPaths = (
			);
			outputPaths = (
				"$(DERIVED_FILE_DIR)/Pods-app-appUITests-checkManifestLockResult.txt",
			);
			runOnlyForDeploymentPostprocessing = 0;
			shellPath = /bin/sh;
			shellScript = "diff \"${PODS_PODFILE_DIR_PATH}/Podfile.lock\" \"${PODS_ROOT}/Manifest.lock\" > /dev/null\nif [ $? != 0 ] ; then\n    # print error to STDERR\n    echo \"error: The sandbox is not in sync with the Podfile.lock. Run 'pod install' or update your CocoaPods installation.\" >&2\n    exit 1\nfi\n# This output is used by Xcode 'outputs' to avoid re-running this script phase.\necho \"SUCCESS\" > \"${SCRIPT_OUTPUT_FILE_0}\"\n";
			showEnvVarsInLog = 0;
		};
		7C60693DBD96AA02F3D9B854 /* [CP] Check Pods Manifest.lock */ = {
			isa = PBXShellScriptBuildPhase;
			buildActionMask = 2147483647;
			files = (
			);
			inputFileListPaths = (
			);
			inputPaths = (
				"${PODS_PODFILE_DIR_PATH}/Podfile.lock",
				"${PODS_ROOT}/Manifest.lock",
			);
			name = "[CP] Check Pods Manifest.lock";
			outputFileListPaths = (
			);
			outputPaths = (
				"$(DERIVED_FILE_DIR)/Pods-appTests-checkManifestLockResult.txt",
			);
			runOnlyForDeploymentPostprocessing = 0;
			shellPath = /bin/sh;
			shellScript = "diff \"${PODS_PODFILE_DIR_PATH}/Podfile.lock\" \"${PODS_ROOT}/Manifest.lock\" > /dev/null\nif [ $? != 0 ] ; then\n    # print error to STDERR\n    echo \"error: The sandbox is not in sync with the Podfile.lock. Run 'pod install' or update your CocoaPods installation.\" >&2\n    exit 1\nfi\n# This output is used by Xcode 'outputs' to avoid re-running this script phase.\necho \"SUCCESS\" > \"${SCRIPT_OUTPUT_FILE_0}\"\n";
			showEnvVarsInLog = 0;
		};
		8416A059C4860FD9A6FC5D24 /* [CP] Embed Pods Frameworks */ = {
			isa = PBXShellScriptBuildPhase;
			buildActionMask = 2147483647;
			files = (
			);
			inputFileListPaths = (
				"${PODS_ROOT}/Target Support Files/Pods-app/Pods-app-frameworks-${CONFIGURATION}-input-files.xcfilelist",
			);
			name = "[CP] Embed Pods Frameworks";
			outputFileListPaths = (
				"${PODS_ROOT}/Target Support Files/Pods-app/Pods-app-frameworks-${CONFIGURATION}-output-files.xcfilelist",
			);
			runOnlyForDeploymentPostprocessing = 0;
			shellPath = /bin/sh;
			shellScript = "\"${PODS_ROOT}/Target Support Files/Pods-app/Pods-app-frameworks.sh\"\n";
			showEnvVarsInLog = 0;
		};
		B19E2B0A24553C328196B428 /* [CP] Embed Pods Frameworks */ = {
			isa = PBXShellScriptBuildPhase;
			buildActionMask = 2147483647;
			files = (
			);
			inputFileListPaths = (
				"${PODS_ROOT}/Target Support Files/Pods-app-appUITests/Pods-app-appUITests-frameworks-${CONFIGURATION}-input-files.xcfilelist",
			);
			name = "[CP] Embed Pods Frameworks";
			outputFileListPaths = (
				"${PODS_ROOT}/Target Support Files/Pods-app-appUITests/Pods-app-appUITests-frameworks-${CONFIGURATION}-output-files.xcfilelist",
			);
			runOnlyForDeploymentPostprocessing = 0;
			shellPath = /bin/sh;
			shellScript = "\"${PODS_ROOT}/Target Support Files/Pods-app-appUITests/Pods-app-appUITests-frameworks.sh\"\n";
			showEnvVarsInLog = 0;
		};
/* End PBXShellScriptBuildPhase section */

/* Begin PBXSourcesBuildPhase section */
		792DF5C32BF775E700E39877 /* Sources */ = {
			isa = PBXSourcesBuildPhase;
			buildActionMask = 2147483647;
			files = (
				79505F952BF8ADD900C2939B /* BasketCoordinator.swift in Sources */,
				792DF6122BF7A44B00E39877 /* AppCoordinator.swift in Sources */,
				793FD7E82BFCBC4F00FBAB21 /* BasketTableViewDataSourceImpl.swift in Sources */,
				792DF5CF2BF775E700E39877 /* ViewController.swift in Sources */,
				795270692BFB57B1002D0F05 /* MainTableViewDataSourceImpl.swift in Sources */,
				792DF6062BF78FBB00E39877 /* MainCoordinator.swift in Sources */,
				795270732BFB647A002D0F05 /* ViewModel.swift in Sources */,
				792DF5D52BF775E700E39877 /* app.xcdatamodeld in Sources */,
				795270712BFB62D5002D0F05 /* MainModel.swift in Sources */,
				795270672BFB56E5002D0F05 /* MainTableViewDelegateImpl.swift in Sources */,
				79505F992BF8BAEA00C2939B /* BasketModulFactory.swift in Sources */,
				79505F9E2BF8C6E500C2939B /* MainDetailViewController.swift in Sources */,
				79B921892BFB9A3E00A0E6B7 /* ProductCategoryCollectionViewCell.swift in Sources */,
				792DF6002BF78C9800E39877 /* Coordinator.swift in Sources */,
				7952706C2BFB58E0002D0F05 /* MainTableViewCell.swift in Sources */,
				79505F902BF8A44800C2939B /* TabBarViewContoller.swift in Sources */,
				792DF5CB2BF775E700E39877 /* AppDelegate.swift in Sources */,
				79505F8C2BF8A34600C2939B /* TabBarCoordinator.swift in Sources */,
				793FD7E52BFCB82100FBAB21 /* BaseUserDefaults.swift in Sources */,
				792DF6022BF78E8300E39877 /* Router.swift in Sources */,
				792DF6102BF7A2A100E39877 /* AppContainer.swift in Sources */,
				792DF60B2BF791CC00E39877 /* MainViewController.swift in Sources */,
				792DF60D2BF79A4300E39877 /* InlineConfigurable.swift in Sources */,
				792DF5CD2BF775E700E39877 /* SceneDelegate.swift in Sources */,
				792DF6082BF7911A00E39877 /* MainModulFactory.swift in Sources */,
				795270752BFB65A0002D0F05 /* MainSection.swift in Sources */,
				79505F922BF8A8C300C2939B /* TabBarCoordinatorFactory.swift in Sources */,
			);
			runOnlyForDeploymentPostprocessing = 0;
		};
		792DF5DC2BF775E900E39877 /* Sources */ = {
			isa = PBXSourcesBuildPhase;
			buildActionMask = 2147483647;
			files = (
				792DF5E52BF775E900E39877 /* appTests.swift in Sources */,
			);
			runOnlyForDeploymentPostprocessing = 0;
		};
		792DF5E62BF775E900E39877 /* Sources */ = {
			isa = PBXSourcesBuildPhase;
			buildActionMask = 2147483647;
			files = (
				792DF5F12BF775E900E39877 /* appUITestsLaunchTests.swift in Sources */,
				792DF5EF2BF775E900E39877 /* appUITests.swift in Sources */,
			);
			runOnlyForDeploymentPostprocessing = 0;
		};
/* End PBXSourcesBuildPhase section */

/* Begin PBXTargetDependency section */
		792DF5E22BF775E900E39877 /* PBXTargetDependency */ = {
			isa = PBXTargetDependency;
			target = 792DF5C62BF775E700E39877 /* app */;
			targetProxy = 792DF5E12BF775E900E39877 /* PBXContainerItemProxy */;
		};
		792DF5EC2BF775E900E39877 /* PBXTargetDependency */ = {
			isa = PBXTargetDependency;
			target = 792DF5C62BF775E700E39877 /* app */;
			targetProxy = 792DF5EB2BF775E900E39877 /* PBXContainerItemProxy */;
		};
/* End PBXTargetDependency section */

/* Begin PBXVariantGroup section */
		792DF5D82BF775E900E39877 /* LaunchScreen.storyboard */ = {
			isa = PBXVariantGroup;
			children = (
				792DF5D92BF775E900E39877 /* Base */,
			);
			name = LaunchScreen.storyboard;
			sourceTree = "<group>";
		};
/* End PBXVariantGroup section */

/* Begin XCBuildConfiguration section */
		792DF5F22BF775E900E39877 /* Debug */ = {
			isa = XCBuildConfiguration;
			buildSettings = {
				ALWAYS_SEARCH_USER_PATHS = NO;
				ASSETCATALOG_COMPILER_GENERATE_SWIFT_ASSET_SYMBOL_EXTENSIONS = YES;
				CLANG_ANALYZER_NONNULL = YES;
				CLANG_ANALYZER_NUMBER_OBJECT_CONVERSION = YES_AGGRESSIVE;
				CLANG_CXX_LANGUAGE_STANDARD = "gnu++20";
				CLANG_ENABLE_MODULES = YES;
				CLANG_ENABLE_OBJC_ARC = YES;
				CLANG_ENABLE_OBJC_WEAK = YES;
				CLANG_WARN_BLOCK_CAPTURE_AUTORELEASING = YES;
				CLANG_WARN_BOOL_CONVERSION = YES;
				CLANG_WARN_COMMA = YES;
				CLANG_WARN_CONSTANT_CONVERSION = YES;
				CLANG_WARN_DEPRECATED_OBJC_IMPLEMENTATIONS = YES;
				CLANG_WARN_DIRECT_OBJC_ISA_USAGE = YES_ERROR;
				CLANG_WARN_DOCUMENTATION_COMMENTS = YES;
				CLANG_WARN_EMPTY_BODY = YES;
				CLANG_WARN_ENUM_CONVERSION = YES;
				CLANG_WARN_INFINITE_RECURSION = YES;
				CLANG_WARN_INT_CONVERSION = YES;
				CLANG_WARN_NON_LITERAL_NULL_CONVERSION = YES;
				CLANG_WARN_OBJC_IMPLICIT_RETAIN_SELF = YES;
				CLANG_WARN_OBJC_LITERAL_CONVERSION = YES;
				CLANG_WARN_OBJC_ROOT_CLASS = YES_ERROR;
				CLANG_WARN_QUOTED_INCLUDE_IN_FRAMEWORK_HEADER = YES;
				CLANG_WARN_RANGE_LOOP_ANALYSIS = YES;
				CLANG_WARN_STRICT_PROTOTYPES = YES;
				CLANG_WARN_SUSPICIOUS_MOVE = YES;
				CLANG_WARN_UNGUARDED_AVAILABILITY = YES_AGGRESSIVE;
				CLANG_WARN_UNREACHABLE_CODE = YES;
				CLANG_WARN__DUPLICATE_METHOD_MATCH = YES;
				COPY_PHASE_STRIP = NO;
				DEBUG_INFORMATION_FORMAT = dwarf;
				ENABLE_STRICT_OBJC_MSGSEND = YES;
				ENABLE_TESTABILITY = YES;
				ENABLE_USER_SCRIPT_SANDBOXING = NO;
				GCC_C_LANGUAGE_STANDARD = gnu17;
				GCC_DYNAMIC_NO_PIC = NO;
				GCC_NO_COMMON_BLOCKS = YES;
				GCC_OPTIMIZATION_LEVEL = 0;
				GCC_PREPROCESSOR_DEFINITIONS = (
					"DEBUG=1",
					"$(inherited)",
				);
				GCC_WARN_64_TO_32_BIT_CONVERSION = YES;
				GCC_WARN_ABOUT_RETURN_TYPE = YES_ERROR;
				GCC_WARN_UNDECLARED_SELECTOR = YES;
				GCC_WARN_UNINITIALIZED_AUTOS = YES_AGGRESSIVE;
				GCC_WARN_UNUSED_FUNCTION = YES;
				GCC_WARN_UNUSED_VARIABLE = YES;
				IPHONEOS_DEPLOYMENT_TARGET = 14.0;
				LOCALIZATION_PREFERS_STRING_CATALOGS = YES;
				MTL_ENABLE_DEBUG_INFO = INCLUDE_SOURCE;
				MTL_FAST_MATH = YES;
				ONLY_ACTIVE_ARCH = YES;
				SDKROOT = iphoneos;
				SWIFT_ACTIVE_COMPILATION_CONDITIONS = "DEBUG $(inherited)";
				SWIFT_OPTIMIZATION_LEVEL = "-Onone";
			};
			name = Debug;
		};
		792DF5F32BF775E900E39877 /* Release */ = {
			isa = XCBuildConfiguration;
			buildSettings = {
				ALWAYS_SEARCH_USER_PATHS = NO;
				ASSETCATALOG_COMPILER_GENERATE_SWIFT_ASSET_SYMBOL_EXTENSIONS = YES;
				CLANG_ANALYZER_NONNULL = YES;
				CLANG_ANALYZER_NUMBER_OBJECT_CONVERSION = YES_AGGRESSIVE;
				CLANG_CXX_LANGUAGE_STANDARD = "gnu++20";
				CLANG_ENABLE_MODULES = YES;
				CLANG_ENABLE_OBJC_ARC = YES;
				CLANG_ENABLE_OBJC_WEAK = YES;
				CLANG_WARN_BLOCK_CAPTURE_AUTORELEASING = YES;
				CLANG_WARN_BOOL_CONVERSION = YES;
				CLANG_WARN_COMMA = YES;
				CLANG_WARN_CONSTANT_CONVERSION = YES;
				CLANG_WARN_DEPRECATED_OBJC_IMPLEMENTATIONS = YES;
				CLANG_WARN_DIRECT_OBJC_ISA_USAGE = YES_ERROR;
				CLANG_WARN_DOCUMENTATION_COMMENTS = YES;
				CLANG_WARN_EMPTY_BODY = YES;
				CLANG_WARN_ENUM_CONVERSION = YES;
				CLANG_WARN_INFINITE_RECURSION = YES;
				CLANG_WARN_INT_CONVERSION = YES;
				CLANG_WARN_NON_LITERAL_NULL_CONVERSION = YES;
				CLANG_WARN_OBJC_IMPLICIT_RETAIN_SELF = YES;
				CLANG_WARN_OBJC_LITERAL_CONVERSION = YES;
				CLANG_WARN_OBJC_ROOT_CLASS = YES_ERROR;
				CLANG_WARN_QUOTED_INCLUDE_IN_FRAMEWORK_HEADER = YES;
				CLANG_WARN_RANGE_LOOP_ANALYSIS = YES;
				CLANG_WARN_STRICT_PROTOTYPES = YES;
				CLANG_WARN_SUSPICIOUS_MOVE = YES;
				CLANG_WARN_UNGUARDED_AVAILABILITY = YES_AGGRESSIVE;
				CLANG_WARN_UNREACHABLE_CODE = YES;
				CLANG_WARN__DUPLICATE_METHOD_MATCH = YES;
				COPY_PHASE_STRIP = NO;
				DEBUG_INFORMATION_FORMAT = "dwarf-with-dsym";
				ENABLE_NS_ASSERTIONS = NO;
				ENABLE_STRICT_OBJC_MSGSEND = YES;
				ENABLE_USER_SCRIPT_SANDBOXING = NO;
				GCC_C_LANGUAGE_STANDARD = gnu17;
				GCC_NO_COMMON_BLOCKS = YES;
				GCC_WARN_64_TO_32_BIT_CONVERSION = YES;
				GCC_WARN_ABOUT_RETURN_TYPE = YES_ERROR;
				GCC_WARN_UNDECLARED_SELECTOR = YES;
				GCC_WARN_UNINITIALIZED_AUTOS = YES_AGGRESSIVE;
				GCC_WARN_UNUSED_FUNCTION = YES;
				GCC_WARN_UNUSED_VARIABLE = YES;
				IPHONEOS_DEPLOYMENT_TARGET = 14.0;
				LOCALIZATION_PREFERS_STRING_CATALOGS = YES;
				MTL_ENABLE_DEBUG_INFO = NO;
				MTL_FAST_MATH = YES;
				SDKROOT = iphoneos;
				SWIFT_COMPILATION_MODE = wholemodule;
				VALIDATE_PRODUCT = YES;
			};
			name = Release;
		};
		792DF5F52BF775E900E39877 /* Debug */ = {
			isa = XCBuildConfiguration;
			baseConfigurationReference = 6EE20BFD55B1E7F5F769E50F /* Pods-app.debug.xcconfig */;
			buildSettings = {
				ASSETCATALOG_COMPILER_APPICON_NAME = AppIcon;
				ASSETCATALOG_COMPILER_GLOBAL_ACCENT_COLOR_NAME = AccentColor;
				CODE_SIGN_STYLE = Automatic;
				CURRENT_PROJECT_VERSION = 1;
				DEVELOPMENT_TEAM = L3N8NDWZJN;
				GENERATE_INFOPLIST_FILE = YES;
				INFOPLIST_FILE = app/Info.plist;
				INFOPLIST_KEY_UIApplicationSupportsIndirectInputEvents = YES;
				INFOPLIST_KEY_UILaunchStoryboardName = LaunchScreen;
				INFOPLIST_KEY_UISupportedInterfaceOrientations_iPad = "UIInterfaceOrientationPortrait UIInterfaceOrientationPortraitUpsideDown UIInterfaceOrientationLandscapeLeft UIInterfaceOrientationLandscapeRight";
				INFOPLIST_KEY_UISupportedInterfaceOrientations_iPhone = "UIInterfaceOrientationPortrait UIInterfaceOrientationLandscapeLeft UIInterfaceOrientationLandscapeRight";
				IPHONEOS_DEPLOYMENT_TARGET = 14.0;
				LD_RUNPATH_SEARCH_PATHS = (
					"$(inherited)",
					"@executable_path/Frameworks",
				);
				MARKETING_VERSION = 1.0;
				PRODUCT_BUNDLE_IDENTIFIER = aruzhan.app;
				PRODUCT_NAME = "$(TARGET_NAME)";
				SWIFT_EMIT_LOC_STRINGS = YES;
				SWIFT_VERSION = 5.0;
				TARGETED_DEVICE_FAMILY = "1,2";
			};
			name = Debug;
		};
		792DF5F62BF775E900E39877 /* Release */ = {
			isa = XCBuildConfiguration;
			baseConfigurationReference = C931B22E0272213DE8787FB4 /* Pods-app.release.xcconfig */;
			buildSettings = {
				ASSETCATALOG_COMPILER_APPICON_NAME = AppIcon;
				ASSETCATALOG_COMPILER_GLOBAL_ACCENT_COLOR_NAME = AccentColor;
				CODE_SIGN_STYLE = Automatic;
				CURRENT_PROJECT_VERSION = 1;
				DEVELOPMENT_TEAM = L3N8NDWZJN;
				GENERATE_INFOPLIST_FILE = YES;
				INFOPLIST_FILE = app/Info.plist;
				INFOPLIST_KEY_UIApplicationSupportsIndirectInputEvents = YES;
				INFOPLIST_KEY_UILaunchStoryboardName = LaunchScreen;
				INFOPLIST_KEY_UISupportedInterfaceOrientations_iPad = "UIInterfaceOrientationPortrait UIInterfaceOrientationPortraitUpsideDown UIInterfaceOrientationLandscapeLeft UIInterfaceOrientationLandscapeRight";
				INFOPLIST_KEY_UISupportedInterfaceOrientations_iPhone = "UIInterfaceOrientationPortrait UIInterfaceOrientationLandscapeLeft UIInterfaceOrientationLandscapeRight";
				IPHONEOS_DEPLOYMENT_TARGET = 14.0;
				LD_RUNPATH_SEARCH_PATHS = (
					"$(inherited)",
					"@executable_path/Frameworks",
				);
				MARKETING_VERSION = 1.0;
				PRODUCT_BUNDLE_IDENTIFIER = aruzhan.app;
				PRODUCT_NAME = "$(TARGET_NAME)";
				SWIFT_EMIT_LOC_STRINGS = YES;
				SWIFT_VERSION = 5.0;
				TARGETED_DEVICE_FAMILY = "1,2";
			};
			name = Release;
		};
		792DF5F82BF775E900E39877 /* Debug */ = {
			isa = XCBuildConfiguration;
			baseConfigurationReference = 50FC642E05A1E813CCFF0734 /* Pods-appTests.debug.xcconfig */;
			buildSettings = {
				ALWAYS_EMBED_SWIFT_STANDARD_LIBRARIES = YES;
				BUNDLE_LOADER = "$(TEST_HOST)";
				CODE_SIGN_STYLE = Automatic;
				CURRENT_PROJECT_VERSION = 1;
				DEVELOPMENT_TEAM = L3N8NDWZJN;
				GENERATE_INFOPLIST_FILE = YES;
				IPHONEOS_DEPLOYMENT_TARGET = 17.0;
				MARKETING_VERSION = 1.0;
				PRODUCT_BUNDLE_IDENTIFIER = aruzhan.appTests;
				PRODUCT_NAME = "$(TARGET_NAME)";
				SWIFT_EMIT_LOC_STRINGS = NO;
				SWIFT_VERSION = 5.0;
				TARGETED_DEVICE_FAMILY = "1,2";
				TEST_HOST = "$(BUILT_PRODUCTS_DIR)/app.app/$(BUNDLE_EXECUTABLE_FOLDER_PATH)/app";
			};
			name = Debug;
		};
		792DF5F92BF775E900E39877 /* Release */ = {
			isa = XCBuildConfiguration;
			baseConfigurationReference = EC824F30A1DA252F0C39470F /* Pods-appTests.release.xcconfig */;
			buildSettings = {
				ALWAYS_EMBED_SWIFT_STANDARD_LIBRARIES = YES;
				BUNDLE_LOADER = "$(TEST_HOST)";
				CODE_SIGN_STYLE = Automatic;
				CURRENT_PROJECT_VERSION = 1;
				DEVELOPMENT_TEAM = L3N8NDWZJN;
				GENERATE_INFOPLIST_FILE = YES;
				IPHONEOS_DEPLOYMENT_TARGET = 17.0;
				MARKETING_VERSION = 1.0;
				PRODUCT_BUNDLE_IDENTIFIER = aruzhan.appTests;
				PRODUCT_NAME = "$(TARGET_NAME)";
				SWIFT_EMIT_LOC_STRINGS = NO;
				SWIFT_VERSION = 5.0;
				TARGETED_DEVICE_FAMILY = "1,2";
				TEST_HOST = "$(BUILT_PRODUCTS_DIR)/app.app/$(BUNDLE_EXECUTABLE_FOLDER_PATH)/app";
			};
			name = Release;
		};
		792DF5FB2BF775E900E39877 /* Debug */ = {
			isa = XCBuildConfiguration;
			baseConfigurationReference = 05DBDB2F7171A184A0D035B0 /* Pods-app-appUITests.debug.xcconfig */;
			buildSettings = {
				ALWAYS_EMBED_SWIFT_STANDARD_LIBRARIES = YES;
				CODE_SIGN_STYLE = Automatic;
				CURRENT_PROJECT_VERSION = 1;
				DEVELOPMENT_TEAM = L3N8NDWZJN;
				GENERATE_INFOPLIST_FILE = YES;
				MARKETING_VERSION = 1.0;
				PRODUCT_BUNDLE_IDENTIFIER = aruzhan.appUITests;
				PRODUCT_NAME = "$(TARGET_NAME)";
				SWIFT_EMIT_LOC_STRINGS = NO;
				SWIFT_VERSION = 5.0;
				TARGETED_DEVICE_FAMILY = "1,2";
				TEST_TARGET_NAME = app;
			};
			name = Debug;
		};
		792DF5FC2BF775E900E39877 /* Release */ = {
			isa = XCBuildConfiguration;
			baseConfigurationReference = A22B6343634BD97726F07DA8 /* Pods-app-appUITests.release.xcconfig */;
			buildSettings = {
				ALWAYS_EMBED_SWIFT_STANDARD_LIBRARIES = YES;
				CODE_SIGN_STYLE = Automatic;
				CURRENT_PROJECT_VERSION = 1;
				DEVELOPMENT_TEAM = L3N8NDWZJN;
				GENERATE_INFOPLIST_FILE = YES;
				MARKETING_VERSION = 1.0;
				PRODUCT_BUNDLE_IDENTIFIER = aruzhan.appUITests;
				PRODUCT_NAME = "$(TARGET_NAME)";
				SWIFT_EMIT_LOC_STRINGS = NO;
				SWIFT_VERSION = 5.0;
				TARGETED_DEVICE_FAMILY = "1,2";
				TEST_TARGET_NAME = app;
			};
			name = Release;
		};
/* End XCBuildConfiguration section */

/* Begin XCConfigurationList section */
		792DF5C22BF775E700E39877 /* Build configuration list for PBXProject "app" */ = {
			isa = XCConfigurationList;
			buildConfigurations = (
				792DF5F22BF775E900E39877 /* Debug */,
				792DF5F32BF775E900E39877 /* Release */,
			);
			defaultConfigurationIsVisible = 0;
			defaultConfigurationName = Release;
		};
		792DF5F42BF775E900E39877 /* Build configuration list for PBXNativeTarget "app" */ = {
			isa = XCConfigurationList;
			buildConfigurations = (
				792DF5F52BF775E900E39877 /* Debug */,
				792DF5F62BF775E900E39877 /* Release */,
			);
			defaultConfigurationIsVisible = 0;
			defaultConfigurationName = Release;
		};
		792DF5F72BF775E900E39877 /* Build configuration list for PBXNativeTarget "appTests" */ = {
			isa = XCConfigurationList;
			buildConfigurations = (
				792DF5F82BF775E900E39877 /* Debug */,
				792DF5F92BF775E900E39877 /* Release */,
			);
			defaultConfigurationIsVisible = 0;
			defaultConfigurationName = Release;
		};
		792DF5FA2BF775E900E39877 /* Build configuration list for PBXNativeTarget "appUITests" */ = {
			isa = XCConfigurationList;
			buildConfigurations = (
				792DF5FB2BF775E900E39877 /* Debug */,
				792DF5FC2BF775E900E39877 /* Release */,
			);
			defaultConfigurationIsVisible = 0;
			defaultConfigurationName = Release;
		};
/* End XCConfigurationList section */

/* Begin XCVersionGroup section */
		792DF5D32BF775E700E39877 /* app.xcdatamodeld */ = {
			isa = XCVersionGroup;
			children = (
				792DF5D42BF775E700E39877 /* app.xcdatamodel */,
			);
			currentVersion = 792DF5D42BF775E700E39877 /* app.xcdatamodel */;
			path = app.xcdatamodeld;
			sourceTree = "<group>";
			versionGroupType = wrapper.xcdatamodel;
		};
/* End XCVersionGroup section */
	};
	rootObject = 792DF5BF2BF775E700E39877 /* Project object */;
}
